
Microsoft Visual Studio Solution File, Format Version 12.00
# Visual Studio Version 17
VisualStudioVersion = 17.11.35312.102
MinimumVisualStudioVersion = 10.0.40219.1
Project("{FAE04EC0-301F-11D3-BF4B-00C04F79EFBC}") = "ProcesosGUIFramework", "ProcesosGUIFramework\ProcesosGUIFramework.csproj", "{8F7E4610-28C2-45B5-AFB0-AECD25C38AFF}"
EndProject
Global
	GlobalSection(SolutionConfigurationPlatforms) = preSolution
		Debug|Any CPU = Debug|Any CPU
		Release|Any CPU = Release|Any CPU
	EndGlobalSection
	GlobalSection(ProjectConfigurationPlatforms) = postSolution
		{8F7E4610-28C2-45B5-AFB0-AECD25C38AFF}.Debug|Any CPU.ActiveCfg = Debug|Any CPU
		{8F7E4610-28C2-45B5-AFB0-AECD25C38AFF}.Debug|Any CPU.Build.0 = Debug|Any CPU
		{8F7E4610-28C2-45B5-AFB0-AECD25C38AFF}.Release|Any CPU.ActiveCfg = Release|Any CPU
		{8F7E4610-28C2-45B5-AFB0-AECD25C38AFF}.Release|Any CPU.Build.0 = Release|Any CPU
	EndGlobalSection
	GlobalSection(SolutionProperties) = preSolution
		HideSolutionNode = FALSE
	EndGlobalSection
	GlobalSection(ExtensibilityGlobals) = postSolution
		SolutionGuid = {3BD3EFE5-12D9-4CAB-A084-C7D16136E18C}
	EndGlobalSection
EndGlobal
